
Microsoft Visual Studio Solution File, Format Version 12.00
# Visual Studio Version 16
VisualStudioVersion = 16.0.30523.141
MinimumVisualStudioVersion = 10.0.40219.1
Project("{8BC9CEB8-8B4A-11D0-8D11-00A0C91BC942}") = "Test Assignment 3", "Test Assignment 3.vcxproj", "{EABDF102-DBC0-40FC-B6F8-F509FF1693DD}"
EndProject
Global
	GlobalSection(SolutionConfigurationPlatforms) = preSolution
		Debug|x64 = Debug|x64
		Debug|x86 = Debug|x86
		Release|x64 = Release|x64
		Release|x86 = Release|x86
	EndGlobalSection
	GlobalSection(ProjectConfigurationPlatforms) = postSolution
		{EABDF102-DBC0-40FC-B6F8-F509FF1693DD}.Debug|x64.ActiveCfg = Debug|x64
		{EABDF102-DBC0-40FC-B6F8-F509FF1693DD}.Debug|x64.Build.0 = Debug|x64
		{EABDF102-DBC0-40FC-B6F8-F509FF1693DD}.Debug|x86.ActiveCfg = Debug|Win32
		{EABDF102-DBC0-40FC-B6F8-F509FF1693DD}.Debug|x86.Build.0 = Debug|Win32
		{EABDF102-DBC0-40FC-B6F8-F509FF1693DD}.Release|x64.ActiveCfg = Release|x64
		{EABDF102-DBC0-40FC-B6F8-F509FF1693DD}.Release|x64.Build.0 = Release|x64
		{EABDF102-DBC0-40FC-B6F8-F509FF1693DD}.Release|x86.ActiveCfg = Release|Win32
		{EABDF102-DBC0-40FC-B6F8-F509FF1693DD}.Release|x86.Build.0 = Release|Win32
	EndGlobalSection
	GlobalSection(SolutionProperties) = preSolution
		HideSolutionNode = FALSE
	EndGlobalSection
	GlobalSection(ExtensibilityGlobals) = postSolution
		SolutionGuid = {7777BBD3-621D-4033-B596-9822C3CC45E8}
	EndGlobalSection
EndGlobal
